{
  "name": "beckman-menu-widget",
  "version": "1.0.0",
  "lockfileVersion": 1,
  "requires": true,
  "dependencies": {
    "jquery": {
      "version": "2.2.4",
      "resolved": "https://registry.npmjs.org/jquery/-/jquery-2.2.4.tgz",
      "integrity": "sha1-LInWiJterFIqfuoywUUhVZxsvwI="
    },
    "ms-signalr-client": {
      "version": "2.2.7",
      "resolved": "https://registry.npmjs.org/ms-signalr-client/-/ms-signalr-client-2.2.7.tgz",
      "integrity": "sha1-g3yTy7XJn2MSdIyXyB+YD9/+B8g=",
      "requires": {
        "jquery": "2.2.4"
      }
    }
  }
}
